
Microsoft Visual Studio Solution File, Format Version 10.00
# Visual Studio 2008
Project("{FAE04EC0-301F-11D3-BF4B-00C04F79EFBC}") = "ContactManager", "ContactManager\ContactManager.csproj", "{AD05AE69-73A3-4FF1-B7F5-9D082782C628}"
	ProjectSection(ProjectDependencies) = postProject
		{F2BFD872-E69C-4EF2-89D6-32BCCB0771E3} = {F2BFD872-E69C-4EF2-89D6-32BCCB0771E3}
	EndProjectSection
EndProject
Project("{FAE04EC0-301F-11D3-BF4B-00C04F79EFBC}") = "Caliburn.WPF.ApplicationFramework", "Caliburn.WPF.ApplicationFramework\Caliburn.WPF.ApplicationFramework.csproj", "{0567B942-B5ED-430F-8E45-FE639039B75B}"
EndProject
Project("{FAE04EC0-301F-11D3-BF4B-00C04F79EFBC}") = "ContactManager.Web", "ContactManager.Web\ContactManager.Web.csproj", "{F2BFD872-E69C-4EF2-89D6-32BCCB0771E3}"
EndProject
Global
	GlobalSection(SolutionConfigurationPlatforms) = preSolution
		Debug|Any CPU = Debug|Any CPU
		Release|Any CPU = Release|Any CPU
	EndGlobalSection
	GlobalSection(ProjectConfigurationPlatforms) = postSolution
		{AD05AE69-73A3-4FF1-B7F5-9D082782C628}.Debug|Any CPU.ActiveCfg = Debug|Any CPU
		{AD05AE69-73A3-4FF1-B7F5-9D082782C628}.Debug|Any CPU.Build.0 = Debug|Any CPU
		{AD05AE69-73A3-4FF1-B7F5-9D082782C628}.Release|Any CPU.ActiveCfg = Release|Any CPU
		{AD05AE69-73A3-4FF1-B7F5-9D082782C628}.Release|Any CPU.Build.0 = Release|Any CPU
		{0567B942-B5ED-430F-8E45-FE639039B75B}.Debug|Any CPU.ActiveCfg = Debug|Any CPU
		{0567B942-B5ED-430F-8E45-FE639039B75B}.Debug|Any CPU.Build.0 = Debug|Any CPU
		{0567B942-B5ED-430F-8E45-FE639039B75B}.Release|Any CPU.ActiveCfg = Release|Any CPU
		{0567B942-B5ED-430F-8E45-FE639039B75B}.Release|Any CPU.Build.0 = Release|Any CPU
		{F2BFD872-E69C-4EF2-89D6-32BCCB0771E3}.Debug|Any CPU.ActiveCfg = Debug|Any CPU
		{F2BFD872-E69C-4EF2-89D6-32BCCB0771E3}.Debug|Any CPU.Build.0 = Debug|Any CPU
		{F2BFD872-E69C-4EF2-89D6-32BCCB0771E3}.Release|Any CPU.ActiveCfg = Release|Any CPU
		{F2BFD872-E69C-4EF2-89D6-32BCCB0771E3}.Release|Any CPU.Build.0 = Release|Any CPU
	EndGlobalSection
	GlobalSection(SolutionProperties) = preSolution
		HideSolutionNode = FALSE
	EndGlobalSection
EndGlobal
