
Microsoft Visual Studio Solution File, Format Version 10.00
# Visual Studio 2008
Project("{FAE04EC0-301F-11D3-BF4B-00C04F79EFBC}") = "Caliburn.Core", "src\Caliburn.Core\Caliburn.Core.csproj", "{D7357C4C-BFFF-4EE4-8D40-0803FAAFF38A}"
EndProject
Project("{FAE04EC0-301F-11D3-BF4B-00C04F79EFBC}") = "Tests.Caliburn", "src\Tests.Caliburn\Tests.Caliburn.csproj", "{998FC6A6-4EB6-48E8-961F-053B7790B13D}"
EndProject
Project("{2150E333-8FDC-42A3-9474-1A3956D46DE8}") = "Solution Items", "Solution Items", "{8BECC464-068B-41E9-B7E0-4A928797A427}"
	ProjectSection(SolutionItems) = preProject
		build-debug.cmd = build-debug.cmd
		build-release-with-docs.cmd = build-release-with-docs.cmd
		build-release.cmd = build-release.cmd
		Caliburn.build = Caliburn.build
		Changes.txt = Changes.txt
		License.txt = License.txt
		Readme.txt = Readme.txt
		Thanks.txt = Thanks.txt
	EndProjectSection
EndProject
Project("{2150E333-8FDC-42A3-9474-1A3956D46DE8}") = "Integration", "Integration", "{FA5B1823-7D4F-490A-89C5-8634FB3ADCE9}"
EndProject
Project("{FAE04EC0-301F-11D3-BF4B-00C04F79EFBC}") = "Caliburn.Windsor", "src\Caliburn.Windsor\Caliburn.Windsor.csproj", "{1E9926A2-E544-44AE-A602-2F9EC3D069A8}"
EndProject
Project("{FAE04EC0-301F-11D3-BF4B-00C04F79EFBC}") = "Caliburn.StructureMap", "src\Caliburn.StructureMap\Caliburn.StructureMap.csproj", "{6B2CEB23-6A5C-4DE7-93EF-BCA3221412E7}"
EndProject
Project("{FAE04EC0-301F-11D3-BF4B-00C04F79EFBC}") = "Caliburn.Spring", "src\Caliburn.Spring\Caliburn.Spring.csproj", "{7A1B748A-3BE7-4C62-B904-F61680D98278}"
EndProject
Project("{FAE04EC0-301F-11D3-BF4B-00C04F79EFBC}") = "Caliburn.Unity", "src\Caliburn.Unity\Caliburn.Unity.csproj", "{CDA47C74-FAC2-4E4F-B7D8-0F59008927AD}"
EndProject
Project("{FAE04EC0-301F-11D3-BF4B-00C04F79EFBC}") = "Caliburn.Testability", "src\Caliburn.Testability\Caliburn.Testability.csproj", "{88B9DA1A-E26F-423F-A051-77CF03A62077}"
EndProject
Project("{FAE04EC0-301F-11D3-BF4B-00C04F79EFBC}") = "Caliburn.MEF", "src\Caliburn.MEF\Caliburn.MEF.csproj", "{F350C4CB-48AE-4A1F-9BAE-C836D6C7C0E4}"
EndProject
Project("{FAE04EC0-301F-11D3-BF4B-00C04F79EFBC}") = "Caliburn.PresentationFramework", "src\Caliburn.PresentationFramework\Caliburn.PresentationFramework.csproj", "{4B343291-DB03-4ADA-96CD-3CFFA3C838D7}"
EndProject
Project("{FAE04EC0-301F-11D3-BF4B-00C04F79EFBC}") = "Caliburn.Ninject", "src\Caliburn.Ninject\Caliburn.Ninject.csproj", "{05109A0A-D27D-472A-9FE3-9896DEF1FD4C}"
EndProject
Project("{FAE04EC0-301F-11D3-BF4B-00C04F79EFBC}") = "Caliburn.Autofac", "src\Caliburn.Autofac\Caliburn.Autofac.csproj", "{AFBDDB74-139F-4C7D-AC94-99C5173F76C7}"
EndProject
Project("{FAE04EC0-301F-11D3-BF4B-00C04F79EFBC}") = "Caliburn.Prism", "src\Caliburn.Prism\Caliburn.Prism.csproj", "{EC8EA52F-C018-4028-9F2D-5378D1164468}"
EndProject
Project("{2150E333-8FDC-42A3-9474-1A3956D46DE8}") = "IoC", "IoC", "{D8D6CFB8-8ED1-464E-BF31-319E76C6E828}"
EndProject
Project("{2150E333-8FDC-42A3-9474-1A3956D46DE8}") = "AOP", "AOP", "{25B5A3E9-5E48-4638-9833-3F75FDF7D99F}"
EndProject
Project("{2150E333-8FDC-42A3-9474-1A3956D46DE8}") = "Frameworks", "Frameworks", "{29279288-266F-4F8D-BBED-DFF8ACE6E7C1}"
EndProject
Project("{FAE04EC0-301F-11D3-BF4B-00C04F79EFBC}") = "Caliburn.DynamicProxy", "src\Caliburn.DynamicProxy\Caliburn.DynamicProxy.csproj", "{7FF13E8A-FA3B-432B-A79B-78B5B82DEC4F}"
EndProject
Project("{FAE04EC0-301F-11D3-BF4B-00C04F79EFBC}") = "Caliburn.ShellFramework", "src\Caliburn.ShellFramework\Caliburn.ShellFramework.csproj", "{1A4EFC27-E9C2-41D5-A801-58854CA50F86}"
EndProject
Project("{FAE04EC0-301F-11D3-BF4B-00C04F79EFBC}") = "Caliburn.FluentValidation", "src\Caliburn.FluentValidation\Caliburn.FluentValidation.csproj", "{2B1CC209-6232-45DC-9AB2-8F21CC53336D}"
EndProject
Project("{FAE04EC0-301F-11D3-BF4B-00C04F79EFBC}") = "Caliburn.Reactive", "src\Caliburn.Reactive\Caliburn.Reactive.csproj", "{BA05C6A3-E424-4897-A8F5-BE0529595154}"
EndProject
Global
	GlobalSection(SolutionConfigurationPlatforms) = preSolution
		Debug|Any CPU = Debug|Any CPU
		Release|Any CPU = Release|Any CPU
	EndGlobalSection
	GlobalSection(ProjectConfigurationPlatforms) = postSolution
		{D7357C4C-BFFF-4EE4-8D40-0803FAAFF38A}.Debug|Any CPU.ActiveCfg = Debug|Any CPU
		{D7357C4C-BFFF-4EE4-8D40-0803FAAFF38A}.Debug|Any CPU.Build.0 = Debug|Any CPU
		{D7357C4C-BFFF-4EE4-8D40-0803FAAFF38A}.Release|Any CPU.ActiveCfg = Release|Any CPU
		{D7357C4C-BFFF-4EE4-8D40-0803FAAFF38A}.Release|Any CPU.Build.0 = Release|Any CPU
		{998FC6A6-4EB6-48E8-961F-053B7790B13D}.Debug|Any CPU.ActiveCfg = Debug|Any CPU
		{998FC6A6-4EB6-48E8-961F-053B7790B13D}.Debug|Any CPU.Build.0 = Debug|Any CPU
		{998FC6A6-4EB6-48E8-961F-053B7790B13D}.Release|Any CPU.ActiveCfg = Release|Any CPU
		{998FC6A6-4EB6-48E8-961F-053B7790B13D}.Release|Any CPU.Build.0 = Release|Any CPU
		{1E9926A2-E544-44AE-A602-2F9EC3D069A8}.Debug|Any CPU.ActiveCfg = Debug|Any CPU
		{1E9926A2-E544-44AE-A602-2F9EC3D069A8}.Debug|Any CPU.Build.0 = Debug|Any CPU
		{1E9926A2-E544-44AE-A602-2F9EC3D069A8}.Release|Any CPU.ActiveCfg = Release|Any CPU
		{1E9926A2-E544-44AE-A602-2F9EC3D069A8}.Release|Any CPU.Build.0 = Release|Any CPU
		{6B2CEB23-6A5C-4DE7-93EF-BCA3221412E7}.Debug|Any CPU.ActiveCfg = Debug|Any CPU
		{6B2CEB23-6A5C-4DE7-93EF-BCA3221412E7}.Debug|Any CPU.Build.0 = Debug|Any CPU
		{6B2CEB23-6A5C-4DE7-93EF-BCA3221412E7}.Release|Any CPU.ActiveCfg = Release|Any CPU
		{6B2CEB23-6A5C-4DE7-93EF-BCA3221412E7}.Release|Any CPU.Build.0 = Release|Any CPU
		{7A1B748A-3BE7-4C62-B904-F61680D98278}.Debug|Any CPU.ActiveCfg = Debug|Any CPU
		{7A1B748A-3BE7-4C62-B904-F61680D98278}.Debug|Any CPU.Build.0 = Debug|Any CPU
		{7A1B748A-3BE7-4C62-B904-F61680D98278}.Release|Any CPU.ActiveCfg = Release|Any CPU
		{7A1B748A-3BE7-4C62-B904-F61680D98278}.Release|Any CPU.Build.0 = Release|Any CPU
		{CDA47C74-FAC2-4E4F-B7D8-0F59008927AD}.Debug|Any CPU.ActiveCfg = Debug|Any CPU
		{CDA47C74-FAC2-4E4F-B7D8-0F59008927AD}.Debug|Any CPU.Build.0 = Debug|Any CPU
		{CDA47C74-FAC2-4E4F-B7D8-0F59008927AD}.Release|Any CPU.ActiveCfg = Release|Any CPU
		{CDA47C74-FAC2-4E4F-B7D8-0F59008927AD}.Release|Any CPU.Build.0 = Release|Any CPU
		{88B9DA1A-E26F-423F-A051-77CF03A62077}.Debug|Any CPU.ActiveCfg = Debug|Any CPU
		{88B9DA1A-E26F-423F-A051-77CF03A62077}.Debug|Any CPU.Build.0 = Debug|Any CPU
		{88B9DA1A-E26F-423F-A051-77CF03A62077}.Release|Any CPU.ActiveCfg = Release|Any CPU
		{88B9DA1A-E26F-423F-A051-77CF03A62077}.Release|Any CPU.Build.0 = Release|Any CPU
		{F350C4CB-48AE-4A1F-9BAE-C836D6C7C0E4}.Debug|Any CPU.ActiveCfg = Debug|Any CPU
		{F350C4CB-48AE-4A1F-9BAE-C836D6C7C0E4}.Debug|Any CPU.Build.0 = Debug|Any CPU
		{F350C4CB-48AE-4A1F-9BAE-C836D6C7C0E4}.Release|Any CPU.ActiveCfg = Release|Any CPU
		{F350C4CB-48AE-4A1F-9BAE-C836D6C7C0E4}.Release|Any CPU.Build.0 = Release|Any CPU
		{4B343291-DB03-4ADA-96CD-3CFFA3C838D7}.Debug|Any CPU.ActiveCfg = Debug|Any CPU
		{4B343291-DB03-4ADA-96CD-3CFFA3C838D7}.Debug|Any CPU.Build.0 = Debug|Any CPU
		{4B343291-DB03-4ADA-96CD-3CFFA3C838D7}.Release|Any CPU.ActiveCfg = Release|Any CPU
		{4B343291-DB03-4ADA-96CD-3CFFA3C838D7}.Release|Any CPU.Build.0 = Release|Any CPU
		{05109A0A-D27D-472A-9FE3-9896DEF1FD4C}.Debug|Any CPU.ActiveCfg = Debug|Any CPU
		{05109A0A-D27D-472A-9FE3-9896DEF1FD4C}.Debug|Any CPU.Build.0 = Debug|Any CPU
		{05109A0A-D27D-472A-9FE3-9896DEF1FD4C}.Release|Any CPU.ActiveCfg = Release|Any CPU
		{05109A0A-D27D-472A-9FE3-9896DEF1FD4C}.Release|Any CPU.Build.0 = Release|Any CPU
		{AFBDDB74-139F-4C7D-AC94-99C5173F76C7}.Debug|Any CPU.ActiveCfg = Debug|Any CPU
		{AFBDDB74-139F-4C7D-AC94-99C5173F76C7}.Debug|Any CPU.Build.0 = Debug|Any CPU
		{AFBDDB74-139F-4C7D-AC94-99C5173F76C7}.Release|Any CPU.ActiveCfg = Release|Any CPU
		{AFBDDB74-139F-4C7D-AC94-99C5173F76C7}.Release|Any CPU.Build.0 = Release|Any CPU
		{EC8EA52F-C018-4028-9F2D-5378D1164468}.Debug|Any CPU.ActiveCfg = Debug|Any CPU
		{EC8EA52F-C018-4028-9F2D-5378D1164468}.Debug|Any CPU.Build.0 = Debug|Any CPU
		{EC8EA52F-C018-4028-9F2D-5378D1164468}.Release|Any CPU.ActiveCfg = Release|Any CPU
		{EC8EA52F-C018-4028-9F2D-5378D1164468}.Release|Any CPU.Build.0 = Release|Any CPU
		{7FF13E8A-FA3B-432B-A79B-78B5B82DEC4F}.Debug|Any CPU.ActiveCfg = Debug|Any CPU
		{7FF13E8A-FA3B-432B-A79B-78B5B82DEC4F}.Debug|Any CPU.Build.0 = Debug|Any CPU
		{7FF13E8A-FA3B-432B-A79B-78B5B82DEC4F}.Release|Any CPU.ActiveCfg = Release|Any CPU
		{7FF13E8A-FA3B-432B-A79B-78B5B82DEC4F}.Release|Any CPU.Build.0 = Release|Any CPU
		{1A4EFC27-E9C2-41D5-A801-58854CA50F86}.Debug|Any CPU.ActiveCfg = Debug|Any CPU
		{1A4EFC27-E9C2-41D5-A801-58854CA50F86}.Debug|Any CPU.Build.0 = Debug|Any CPU
		{1A4EFC27-E9C2-41D5-A801-58854CA50F86}.Release|Any CPU.ActiveCfg = Release|Any CPU
		{1A4EFC27-E9C2-41D5-A801-58854CA50F86}.Release|Any CPU.Build.0 = Release|Any CPU
		{2B1CC209-6232-45DC-9AB2-8F21CC53336D}.Debug|Any CPU.ActiveCfg = Debug|Any CPU
		{2B1CC209-6232-45DC-9AB2-8F21CC53336D}.Debug|Any CPU.Build.0 = Debug|Any CPU
		{2B1CC209-6232-45DC-9AB2-8F21CC53336D}.Release|Any CPU.ActiveCfg = Release|Any CPU
		{2B1CC209-6232-45DC-9AB2-8F21CC53336D}.Release|Any CPU.Build.0 = Release|Any CPU
		{BA05C6A3-E424-4897-A8F5-BE0529595154}.Debug|Any CPU.ActiveCfg = Debug|Any CPU
		{BA05C6A3-E424-4897-A8F5-BE0529595154}.Debug|Any CPU.Build.0 = Debug|Any CPU
		{BA05C6A3-E424-4897-A8F5-BE0529595154}.Release|Any CPU.ActiveCfg = Release|Any CPU
		{BA05C6A3-E424-4897-A8F5-BE0529595154}.Release|Any CPU.Build.0 = Release|Any CPU
	EndGlobalSection
	GlobalSection(SolutionProperties) = preSolution
		HideSolutionNode = FALSE
	EndGlobalSection
	GlobalSection(NestedProjects) = preSolution
		{D8D6CFB8-8ED1-464E-BF31-319E76C6E828} = {FA5B1823-7D4F-490A-89C5-8634FB3ADCE9}
		{29279288-266F-4F8D-BBED-DFF8ACE6E7C1} = {FA5B1823-7D4F-490A-89C5-8634FB3ADCE9}
		{25B5A3E9-5E48-4638-9833-3F75FDF7D99F} = {FA5B1823-7D4F-490A-89C5-8634FB3ADCE9}
		{6B2CEB23-6A5C-4DE7-93EF-BCA3221412E7} = {D8D6CFB8-8ED1-464E-BF31-319E76C6E828}
		{7A1B748A-3BE7-4C62-B904-F61680D98278} = {D8D6CFB8-8ED1-464E-BF31-319E76C6E828}
		{CDA47C74-FAC2-4E4F-B7D8-0F59008927AD} = {D8D6CFB8-8ED1-464E-BF31-319E76C6E828}
		{F350C4CB-48AE-4A1F-9BAE-C836D6C7C0E4} = {D8D6CFB8-8ED1-464E-BF31-319E76C6E828}
		{05109A0A-D27D-472A-9FE3-9896DEF1FD4C} = {D8D6CFB8-8ED1-464E-BF31-319E76C6E828}
		{AFBDDB74-139F-4C7D-AC94-99C5173F76C7} = {D8D6CFB8-8ED1-464E-BF31-319E76C6E828}
		{1E9926A2-E544-44AE-A602-2F9EC3D069A8} = {D8D6CFB8-8ED1-464E-BF31-319E76C6E828}
		{EC8EA52F-C018-4028-9F2D-5378D1164468} = {29279288-266F-4F8D-BBED-DFF8ACE6E7C1}
		{2B1CC209-6232-45DC-9AB2-8F21CC53336D} = {29279288-266F-4F8D-BBED-DFF8ACE6E7C1}
		{BA05C6A3-E424-4897-A8F5-BE0529595154} = {29279288-266F-4F8D-BBED-DFF8ACE6E7C1}
		{7FF13E8A-FA3B-432B-A79B-78B5B82DEC4F} = {25B5A3E9-5E48-4638-9833-3F75FDF7D99F}
	EndGlobalSection
EndGlobal
