
Microsoft Visual Studio Solution File, Format Version 12.00
# Visual Studio 14
VisualStudioVersion = 14.0.25123.0
MinimumVisualStudioVersion = 10.0.40219.1
Project("{2150E333-8FDC-42A3-9474-1A3956D46DE8}") = "Solution Items", "Solution Items", "{8BECC464-068B-41E9-B7E0-4A928797A427}"
	ProjectSection(SolutionItems) = preProject
		build-debug.cmd = build-debug.cmd
		build-release.cmd = build-release.cmd
		Caliburn.build = Caliburn.build
		Changes.txt = Changes.txt
		License.txt = License.txt
		Readme.txt = Readme.txt
		Thanks.txt = Thanks.txt
	EndProjectSection
EndProject
Project("{FAE04EC0-301F-11D3-BF4B-00C04F79EFBC}") = "Tests.Caliburn", "src\Tests.Caliburn\Tests.Caliburn.csproj", "{998FC6A6-4EB6-48E8-961F-053B7790B13D}"
EndProject
Project("{FAE04EC0-301F-11D3-BF4B-00C04F79EFBC}") = "Caliburn.Testability", "src\Caliburn.Testability\Caliburn.Testability.csproj", "{88B9DA1A-E26F-423F-A051-77CF03A62077}"
EndProject
Project("{FAE04EC0-301F-11D3-BF4B-00C04F79EFBC}") = "Caliburn", "src\Caliburn\Caliburn.csproj", "{646ECEA5-6C89-42F2-8BE2-E335B0FAC4C9}"
EndProject
Global
	GlobalSection(SolutionConfigurationPlatforms) = preSolution
		Debug|Any CPU = Debug|Any CPU
		Release|Any CPU = Release|Any CPU
	EndGlobalSection
	GlobalSection(ProjectConfigurationPlatforms) = postSolution
		{998FC6A6-4EB6-48E8-961F-053B7790B13D}.Debug|Any CPU.ActiveCfg = Debug|Any CPU
		{998FC6A6-4EB6-48E8-961F-053B7790B13D}.Debug|Any CPU.Build.0 = Debug|Any CPU
		{998FC6A6-4EB6-48E8-961F-053B7790B13D}.Release|Any CPU.ActiveCfg = Release|Any CPU
		{998FC6A6-4EB6-48E8-961F-053B7790B13D}.Release|Any CPU.Build.0 = Release|Any CPU
		{88B9DA1A-E26F-423F-A051-77CF03A62077}.Debug|Any CPU.ActiveCfg = Debug|Any CPU
		{88B9DA1A-E26F-423F-A051-77CF03A62077}.Debug|Any CPU.Build.0 = Debug|Any CPU
		{88B9DA1A-E26F-423F-A051-77CF03A62077}.Release|Any CPU.ActiveCfg = Release|Any CPU
		{88B9DA1A-E26F-423F-A051-77CF03A62077}.Release|Any CPU.Build.0 = Release|Any CPU
		{646ECEA5-6C89-42F2-8BE2-E335B0FAC4C9}.Debug|Any CPU.ActiveCfg = Debug|Any CPU
		{646ECEA5-6C89-42F2-8BE2-E335B0FAC4C9}.Debug|Any CPU.Build.0 = Debug|Any CPU
		{646ECEA5-6C89-42F2-8BE2-E335B0FAC4C9}.Release|Any CPU.ActiveCfg = Release|Any CPU
		{646ECEA5-6C89-42F2-8BE2-E335B0FAC4C9}.Release|Any CPU.Build.0 = Release|Any CPU
	EndGlobalSection
	GlobalSection(SolutionProperties) = preSolution
		HideSolutionNode = FALSE
	EndGlobalSection
EndGlobal
