
Microsoft Visual Studio Solution File, Format Version 10.00
# Visual Studio 2008
Project("{FAE04EC0-301F-11D3-BF4B-00C04F79EFBC}") = "Actions", "Actions\Actions.csproj", "{E39712F9-FC30-4A3C-90D0-8EEAD4B48E35}"
EndProject
Project("{FAE04EC0-301F-11D3-BF4B-00C04F79EFBC}") = "AsyncActions", "AsyncActions\AsyncActions.csproj", "{C2D4A861-CDFD-4CCF-90CB-C6693A683FFB}"
EndProject
Project("{FAE04EC0-301F-11D3-BF4B-00C04F79EFBC}") = "DependentActions", "DependentActions\DependentActions.csproj", "{C4B8612B-5168-4612-AF05-69A69446961D}"
EndProject
Project("{FAE04EC0-301F-11D3-BF4B-00C04F79EFBC}") = "MessageTriggers", "MessageTriggers\MessageTriggers.csproj", "{B4F63FC4-C099-4B6D-8928-2F7FA045245B}"
EndProject
Project("{FAE04EC0-301F-11D3-BF4B-00C04F79EFBC}") = "AvailabilityEffects", "AvailabilityEffects\AvailabilityEffects.csproj", "{6B148E61-5D94-48D1-B368-C315FFCB55C6}"
EndProject
Project("{FAE04EC0-301F-11D3-BF4B-00C04F79EFBC}") = "Configuration", "Configuration\Configuration.csproj", "{111B915D-EFC0-4019-9EE2-ACBA2C6A3B51}"
EndProject
Project("{FAE04EC0-301F-11D3-BF4B-00C04F79EFBC}") = "CustomFilters", "CustomFilters\CustomFilters.csproj", "{4C691ED9-AA9B-4D29-885E-AF63BCDEA08B}"
EndProject
Project("{FAE04EC0-301F-11D3-BF4B-00C04F79EFBC}") = "Commands", "Commands\Commands.csproj", "{3A0183A5-8A57-4A22-BCEC-36B473291348}"
EndProject
Project("{FAE04EC0-301F-11D3-BF4B-00C04F79EFBC}") = "CompositeCommands", "CompositeCommands\CompositeCommands.csproj", "{26509B73-571D-4740-A677-A3ACF7F79EFC}"
EndProject
Project("{2150E333-8FDC-42A3-9474-1A3956D46DE8}") = "Action Examples", "Action Examples", "{AA1B5B23-0813-4A1B-99B0-92CE9706D72B}"
EndProject
Project("{2150E333-8FDC-42A3-9474-1A3956D46DE8}") = "Command Examples", "Command Examples", "{9D8CEA40-59DB-4298-8F6C-706FA3E74EC2}"
EndProject
Project("{2150E333-8FDC-42A3-9474-1A3956D46DE8}") = "General", "General", "{05E8EC88-0971-4109-A642-BC5727424DC5}"
	ProjectSection(SolutionItems) = preProject
		Readme.txt = Readme.txt
	EndProjectSection
EndProject
Project("{2150E333-8FDC-42A3-9474-1A3956D46DE8}") = "Messaging", "Messaging", "{8B969112-EA8F-4620-A3A6-C9AB2C5A72C0}"
EndProject
Project("{FAE04EC0-301F-11D3-BF4B-00C04F79EFBC}") = "BoundCommands", "BoundCommands\BoundCommands.csproj", "{14E91A2C-30BD-4671-8E1B-E8E50CD94FA1}"
EndProject
Global
	GlobalSection(SolutionConfigurationPlatforms) = preSolution
		Debug|Any CPU = Debug|Any CPU
		Release|Any CPU = Release|Any CPU
	EndGlobalSection
	GlobalSection(ProjectConfigurationPlatforms) = postSolution
		{E39712F9-FC30-4A3C-90D0-8EEAD4B48E35}.Debug|Any CPU.ActiveCfg = Debug|Any CPU
		{E39712F9-FC30-4A3C-90D0-8EEAD4B48E35}.Debug|Any CPU.Build.0 = Debug|Any CPU
		{E39712F9-FC30-4A3C-90D0-8EEAD4B48E35}.Release|Any CPU.ActiveCfg = Release|Any CPU
		{E39712F9-FC30-4A3C-90D0-8EEAD4B48E35}.Release|Any CPU.Build.0 = Release|Any CPU
		{C2D4A861-CDFD-4CCF-90CB-C6693A683FFB}.Debug|Any CPU.ActiveCfg = Debug|Any CPU
		{C2D4A861-CDFD-4CCF-90CB-C6693A683FFB}.Debug|Any CPU.Build.0 = Debug|Any CPU
		{C2D4A861-CDFD-4CCF-90CB-C6693A683FFB}.Release|Any CPU.ActiveCfg = Release|Any CPU
		{C2D4A861-CDFD-4CCF-90CB-C6693A683FFB}.Release|Any CPU.Build.0 = Release|Any CPU
		{C4B8612B-5168-4612-AF05-69A69446961D}.Debug|Any CPU.ActiveCfg = Debug|Any CPU
		{C4B8612B-5168-4612-AF05-69A69446961D}.Debug|Any CPU.Build.0 = Debug|Any CPU
		{C4B8612B-5168-4612-AF05-69A69446961D}.Release|Any CPU.ActiveCfg = Release|Any CPU
		{C4B8612B-5168-4612-AF05-69A69446961D}.Release|Any CPU.Build.0 = Release|Any CPU
		{B4F63FC4-C099-4B6D-8928-2F7FA045245B}.Debug|Any CPU.ActiveCfg = Debug|Any CPU
		{B4F63FC4-C099-4B6D-8928-2F7FA045245B}.Debug|Any CPU.Build.0 = Debug|Any CPU
		{B4F63FC4-C099-4B6D-8928-2F7FA045245B}.Release|Any CPU.ActiveCfg = Release|Any CPU
		{B4F63FC4-C099-4B6D-8928-2F7FA045245B}.Release|Any CPU.Build.0 = Release|Any CPU
		{6B148E61-5D94-48D1-B368-C315FFCB55C6}.Debug|Any CPU.ActiveCfg = Debug|Any CPU
		{6B148E61-5D94-48D1-B368-C315FFCB55C6}.Debug|Any CPU.Build.0 = Debug|Any CPU
		{6B148E61-5D94-48D1-B368-C315FFCB55C6}.Release|Any CPU.ActiveCfg = Release|Any CPU
		{6B148E61-5D94-48D1-B368-C315FFCB55C6}.Release|Any CPU.Build.0 = Release|Any CPU
		{111B915D-EFC0-4019-9EE2-ACBA2C6A3B51}.Debug|Any CPU.ActiveCfg = Debug|Any CPU
		{111B915D-EFC0-4019-9EE2-ACBA2C6A3B51}.Debug|Any CPU.Build.0 = Debug|Any CPU
		{111B915D-EFC0-4019-9EE2-ACBA2C6A3B51}.Release|Any CPU.ActiveCfg = Release|Any CPU
		{111B915D-EFC0-4019-9EE2-ACBA2C6A3B51}.Release|Any CPU.Build.0 = Release|Any CPU
		{4C691ED9-AA9B-4D29-885E-AF63BCDEA08B}.Debug|Any CPU.ActiveCfg = Debug|Any CPU
		{4C691ED9-AA9B-4D29-885E-AF63BCDEA08B}.Debug|Any CPU.Build.0 = Debug|Any CPU
		{4C691ED9-AA9B-4D29-885E-AF63BCDEA08B}.Release|Any CPU.ActiveCfg = Release|Any CPU
		{4C691ED9-AA9B-4D29-885E-AF63BCDEA08B}.Release|Any CPU.Build.0 = Release|Any CPU
		{3A0183A5-8A57-4A22-BCEC-36B473291348}.Debug|Any CPU.ActiveCfg = Debug|Any CPU
		{3A0183A5-8A57-4A22-BCEC-36B473291348}.Debug|Any CPU.Build.0 = Debug|Any CPU
		{3A0183A5-8A57-4A22-BCEC-36B473291348}.Release|Any CPU.ActiveCfg = Release|Any CPU
		{3A0183A5-8A57-4A22-BCEC-36B473291348}.Release|Any CPU.Build.0 = Release|Any CPU
		{26509B73-571D-4740-A677-A3ACF7F79EFC}.Debug|Any CPU.ActiveCfg = Debug|Any CPU
		{26509B73-571D-4740-A677-A3ACF7F79EFC}.Debug|Any CPU.Build.0 = Debug|Any CPU
		{26509B73-571D-4740-A677-A3ACF7F79EFC}.Release|Any CPU.ActiveCfg = Release|Any CPU
		{26509B73-571D-4740-A677-A3ACF7F79EFC}.Release|Any CPU.Build.0 = Release|Any CPU
		{14E91A2C-30BD-4671-8E1B-E8E50CD94FA1}.Debug|Any CPU.ActiveCfg = Debug|Any CPU
		{14E91A2C-30BD-4671-8E1B-E8E50CD94FA1}.Debug|Any CPU.Build.0 = Debug|Any CPU
		{14E91A2C-30BD-4671-8E1B-E8E50CD94FA1}.Release|Any CPU.ActiveCfg = Release|Any CPU
		{14E91A2C-30BD-4671-8E1B-E8E50CD94FA1}.Release|Any CPU.Build.0 = Release|Any CPU
	EndGlobalSection
	GlobalSection(SolutionProperties) = preSolution
		HideSolutionNode = FALSE
	EndGlobalSection
	GlobalSection(NestedProjects) = preSolution
		{C2D4A861-CDFD-4CCF-90CB-C6693A683FFB} = {AA1B5B23-0813-4A1B-99B0-92CE9706D72B}
		{C4B8612B-5168-4612-AF05-69A69446961D} = {AA1B5B23-0813-4A1B-99B0-92CE9706D72B}
		{E39712F9-FC30-4A3C-90D0-8EEAD4B48E35} = {AA1B5B23-0813-4A1B-99B0-92CE9706D72B}
		{6B148E61-5D94-48D1-B368-C315FFCB55C6} = {8B969112-EA8F-4620-A3A6-C9AB2C5A72C0}
		{4C691ED9-AA9B-4D29-885E-AF63BCDEA08B} = {8B969112-EA8F-4620-A3A6-C9AB2C5A72C0}
		{B4F63FC4-C099-4B6D-8928-2F7FA045245B} = {8B969112-EA8F-4620-A3A6-C9AB2C5A72C0}
		{111B915D-EFC0-4019-9EE2-ACBA2C6A3B51} = {05E8EC88-0971-4109-A642-BC5727424DC5}
		{26509B73-571D-4740-A677-A3ACF7F79EFC} = {9D8CEA40-59DB-4298-8F6C-706FA3E74EC2}
		{3A0183A5-8A57-4A22-BCEC-36B473291348} = {9D8CEA40-59DB-4298-8F6C-706FA3E74EC2}
		{14E91A2C-30BD-4671-8E1B-E8E50CD94FA1} = {9D8CEA40-59DB-4298-8F6C-706FA3E74EC2}
	EndGlobalSection
EndGlobal
