
Microsoft Visual Studio Solution File, Format Version 10.00
# Visual Studio 2008
Project("{FAE04EC0-301F-11D3-BF4B-00C04F79EFBC}") = "BackgroundProcessing", "BackgroundProcessing.csproj", "{C2D4A861-CDFD-4CCF-90CB-C6693A683FFB}"
EndProject
Project("{2150E333-8FDC-42A3-9474-1A3956D46DE8}") = "Solution Items", "Solution Items", "{A555BEAA-B360-44D1-A194-90B2B9EB3ECF}"
	ProjectSection(SolutionItems) = preProject
		Readme.txt = Readme.txt
	EndProjectSection
EndProject
Global
	GlobalSection(SolutionConfigurationPlatforms) = preSolution
		Debug|Any CPU = Debug|Any CPU
		Release|Any CPU = Release|Any CPU
	EndGlobalSection
	GlobalSection(ProjectConfigurationPlatforms) = postSolution
		{C2D4A861-CDFD-4CCF-90CB-C6693A683FFB}.Debug|Any CPU.ActiveCfg = Debug|Any CPU
		{C2D4A861-CDFD-4CCF-90CB-C6693A683FFB}.Debug|Any CPU.Build.0 = Debug|Any CPU
		{C2D4A861-CDFD-4CCF-90CB-C6693A683FFB}.Release|Any CPU.ActiveCfg = Release|Any CPU
		{C2D4A861-CDFD-4CCF-90CB-C6693A683FFB}.Release|Any CPU.Build.0 = Release|Any CPU
	EndGlobalSection
	GlobalSection(SolutionProperties) = preSolution
		HideSolutionNode = FALSE
	EndGlobalSection
EndGlobal
