
Microsoft Visual Studio Solution File, Format Version 10.00
# Visual Studio 2008
Project("{FAE04EC0-301F-11D3-BF4B-00C04F79EFBC}") = "Actions", "Actions\Actions.csproj", "{BEF86B37-08E4-407A-A437-8D503A0C1056}"
EndProject
Project("{FAE04EC0-301F-11D3-BF4B-00C04F79EFBC}") = "AsyncActions", "AsyncActions\AsyncActions.csproj", "{337621A2-74EC-4A56-B0C5-CDE3A54AAFCD}"
EndProject
Project("{FAE04EC0-301F-11D3-BF4B-00C04F79EFBC}") = "AvailabilityEffects", "AvailabilityEffects\AvailabilityEffects.csproj", "{44114110-FBC3-4FBA-BEE0-CCFDACFE5552}"
EndProject
Project("{FAE04EC0-301F-11D3-BF4B-00C04F79EFBC}") = "Commands", "Commands\Commands.csproj", "{2C98D239-D7B0-49E5-9331-7AA77E45D663}"
EndProject
Project("{FAE04EC0-301F-11D3-BF4B-00C04F79EFBC}") = "CompositeCommands", "CompositeCommands\CompositeCommands.csproj", "{18DB3C3F-3100-428C-A145-5975C7B30F0C}"
EndProject
Project("{FAE04EC0-301F-11D3-BF4B-00C04F79EFBC}") = "Configuration", "Configuration\Configuration.csproj", "{717CFB1A-D160-4F68-B94F-C720B01DCC0E}"
EndProject
Project("{FAE04EC0-301F-11D3-BF4B-00C04F79EFBC}") = "CustomFilters", "CustomFilters\CustomFilters.csproj", "{3884E50C-90E8-47A0-8F31-684A83CBCCA8}"
EndProject
Project("{FAE04EC0-301F-11D3-BF4B-00C04F79EFBC}") = "DependentActions", "DependentActions\DependentActions.csproj", "{68F821E0-AA9E-4CD5-BD51-07BAFCABB876}"
EndProject
Project("{FAE04EC0-301F-11D3-BF4B-00C04F79EFBC}") = "MessageTriggers", "MessageTriggers\MessageTriggers.csproj", "{436E746A-9996-47FB-B6D8-AB66BB62E410}"
EndProject
Project("{2150E333-8FDC-42A3-9474-1A3956D46DE8}") = "Action Examples", "Action Examples", "{F4548E7B-39F2-45F5-A4D4-DF99F753D36D}"
EndProject
Project("{2150E333-8FDC-42A3-9474-1A3956D46DE8}") = "Command Examples", "Command Examples", "{266F588B-0296-4171-BC51-687FF7516347}"
EndProject
Project("{2150E333-8FDC-42A3-9474-1A3956D46DE8}") = "Messaging", "Messaging", "{9FF368FD-8F3C-4562-930E-EF371B0563FD}"
EndProject
Project("{2150E333-8FDC-42A3-9474-1A3956D46DE8}") = "General", "General", "{7164C129-6B3B-47A6-99AA-1BA37493B683}"
	ProjectSection(SolutionItems) = preProject
		Readme.txt = Readme.txt
	EndProjectSection
EndProject
Project("{FAE04EC0-301F-11D3-BF4B-00C04F79EFBC}") = "BoundCommands", "BoundCommands\BoundCommands.csproj", "{EAE51A83-F2A2-4398-A4DB-2363EA348AB0}"
EndProject
Global
	GlobalSection(SolutionConfigurationPlatforms) = preSolution
		Debug|Any CPU = Debug|Any CPU
		Release|Any CPU = Release|Any CPU
	EndGlobalSection
	GlobalSection(ProjectConfigurationPlatforms) = postSolution
		{BEF86B37-08E4-407A-A437-8D503A0C1056}.Debug|Any CPU.ActiveCfg = Debug|Any CPU
		{BEF86B37-08E4-407A-A437-8D503A0C1056}.Debug|Any CPU.Build.0 = Debug|Any CPU
		{BEF86B37-08E4-407A-A437-8D503A0C1056}.Release|Any CPU.ActiveCfg = Release|Any CPU
		{BEF86B37-08E4-407A-A437-8D503A0C1056}.Release|Any CPU.Build.0 = Release|Any CPU
		{337621A2-74EC-4A56-B0C5-CDE3A54AAFCD}.Debug|Any CPU.ActiveCfg = Debug|Any CPU
		{337621A2-74EC-4A56-B0C5-CDE3A54AAFCD}.Debug|Any CPU.Build.0 = Debug|Any CPU
		{337621A2-74EC-4A56-B0C5-CDE3A54AAFCD}.Release|Any CPU.ActiveCfg = Release|Any CPU
		{337621A2-74EC-4A56-B0C5-CDE3A54AAFCD}.Release|Any CPU.Build.0 = Release|Any CPU
		{44114110-FBC3-4FBA-BEE0-CCFDACFE5552}.Debug|Any CPU.ActiveCfg = Debug|Any CPU
		{44114110-FBC3-4FBA-BEE0-CCFDACFE5552}.Debug|Any CPU.Build.0 = Debug|Any CPU
		{44114110-FBC3-4FBA-BEE0-CCFDACFE5552}.Release|Any CPU.ActiveCfg = Release|Any CPU
		{44114110-FBC3-4FBA-BEE0-CCFDACFE5552}.Release|Any CPU.Build.0 = Release|Any CPU
		{2C98D239-D7B0-49E5-9331-7AA77E45D663}.Debug|Any CPU.ActiveCfg = Debug|Any CPU
		{2C98D239-D7B0-49E5-9331-7AA77E45D663}.Debug|Any CPU.Build.0 = Debug|Any CPU
		{2C98D239-D7B0-49E5-9331-7AA77E45D663}.Release|Any CPU.ActiveCfg = Release|Any CPU
		{2C98D239-D7B0-49E5-9331-7AA77E45D663}.Release|Any CPU.Build.0 = Release|Any CPU
		{18DB3C3F-3100-428C-A145-5975C7B30F0C}.Debug|Any CPU.ActiveCfg = Debug|Any CPU
		{18DB3C3F-3100-428C-A145-5975C7B30F0C}.Debug|Any CPU.Build.0 = Debug|Any CPU
		{18DB3C3F-3100-428C-A145-5975C7B30F0C}.Release|Any CPU.ActiveCfg = Release|Any CPU
		{18DB3C3F-3100-428C-A145-5975C7B30F0C}.Release|Any CPU.Build.0 = Release|Any CPU
		{717CFB1A-D160-4F68-B94F-C720B01DCC0E}.Debug|Any CPU.ActiveCfg = Debug|Any CPU
		{717CFB1A-D160-4F68-B94F-C720B01DCC0E}.Debug|Any CPU.Build.0 = Debug|Any CPU
		{717CFB1A-D160-4F68-B94F-C720B01DCC0E}.Release|Any CPU.ActiveCfg = Release|Any CPU
		{717CFB1A-D160-4F68-B94F-C720B01DCC0E}.Release|Any CPU.Build.0 = Release|Any CPU
		{3884E50C-90E8-47A0-8F31-684A83CBCCA8}.Debug|Any CPU.ActiveCfg = Debug|Any CPU
		{3884E50C-90E8-47A0-8F31-684A83CBCCA8}.Debug|Any CPU.Build.0 = Debug|Any CPU
		{3884E50C-90E8-47A0-8F31-684A83CBCCA8}.Release|Any CPU.ActiveCfg = Release|Any CPU
		{3884E50C-90E8-47A0-8F31-684A83CBCCA8}.Release|Any CPU.Build.0 = Release|Any CPU
		{68F821E0-AA9E-4CD5-BD51-07BAFCABB876}.Debug|Any CPU.ActiveCfg = Debug|Any CPU
		{68F821E0-AA9E-4CD5-BD51-07BAFCABB876}.Debug|Any CPU.Build.0 = Debug|Any CPU
		{68F821E0-AA9E-4CD5-BD51-07BAFCABB876}.Release|Any CPU.ActiveCfg = Release|Any CPU
		{68F821E0-AA9E-4CD5-BD51-07BAFCABB876}.Release|Any CPU.Build.0 = Release|Any CPU
		{436E746A-9996-47FB-B6D8-AB66BB62E410}.Debug|Any CPU.ActiveCfg = Debug|Any CPU
		{436E746A-9996-47FB-B6D8-AB66BB62E410}.Debug|Any CPU.Build.0 = Debug|Any CPU
		{436E746A-9996-47FB-B6D8-AB66BB62E410}.Release|Any CPU.ActiveCfg = Release|Any CPU
		{436E746A-9996-47FB-B6D8-AB66BB62E410}.Release|Any CPU.Build.0 = Release|Any CPU
		{EAE51A83-F2A2-4398-A4DB-2363EA348AB0}.Debug|Any CPU.ActiveCfg = Debug|Any CPU
		{EAE51A83-F2A2-4398-A4DB-2363EA348AB0}.Debug|Any CPU.Build.0 = Debug|Any CPU
		{EAE51A83-F2A2-4398-A4DB-2363EA348AB0}.Release|Any CPU.ActiveCfg = Release|Any CPU
		{EAE51A83-F2A2-4398-A4DB-2363EA348AB0}.Release|Any CPU.Build.0 = Release|Any CPU
	EndGlobalSection
	GlobalSection(SolutionProperties) = preSolution
		HideSolutionNode = FALSE
	EndGlobalSection
	GlobalSection(NestedProjects) = preSolution
		{337621A2-74EC-4A56-B0C5-CDE3A54AAFCD} = {F4548E7B-39F2-45F5-A4D4-DF99F753D36D}
		{68F821E0-AA9E-4CD5-BD51-07BAFCABB876} = {F4548E7B-39F2-45F5-A4D4-DF99F753D36D}
		{BEF86B37-08E4-407A-A437-8D503A0C1056} = {F4548E7B-39F2-45F5-A4D4-DF99F753D36D}
		{3884E50C-90E8-47A0-8F31-684A83CBCCA8} = {9FF368FD-8F3C-4562-930E-EF371B0563FD}
		{436E746A-9996-47FB-B6D8-AB66BB62E410} = {9FF368FD-8F3C-4562-930E-EF371B0563FD}
		{44114110-FBC3-4FBA-BEE0-CCFDACFE5552} = {9FF368FD-8F3C-4562-930E-EF371B0563FD}
		{18DB3C3F-3100-428C-A145-5975C7B30F0C} = {266F588B-0296-4171-BC51-687FF7516347}
		{2C98D239-D7B0-49E5-9331-7AA77E45D663} = {266F588B-0296-4171-BC51-687FF7516347}
		{EAE51A83-F2A2-4398-A4DB-2363EA348AB0} = {266F588B-0296-4171-BC51-687FF7516347}
		{717CFB1A-D160-4F68-B94F-C720B01DCC0E} = {7164C129-6B3B-47A6-99AA-1BA37493B683}
	EndGlobalSection
EndGlobal
