
Microsoft Visual Studio Solution File, Format Version 11.00
# Visual Studio 2010
Project("{FAE04EC0-301F-11D3-BF4B-00C04F79EFBC}") = "Caliburn.ActionParameters", "Caliburn.ActionParameters\Caliburn.ActionParameters.csproj", "{2AFE69EF-6200-4446-BB59-21F181DB0E66}"
EndProject
Global
	GlobalSection(SolutionConfigurationPlatforms) = preSolution
		Debug|x86 = Debug|x86
		Release|x86 = Release|x86
	EndGlobalSection
	GlobalSection(ProjectConfigurationPlatforms) = postSolution
		{2AFE69EF-6200-4446-BB59-21F181DB0E66}.Debug|x86.ActiveCfg = Debug|x86
		{2AFE69EF-6200-4446-BB59-21F181DB0E66}.Debug|x86.Build.0 = Debug|x86
		{2AFE69EF-6200-4446-BB59-21F181DB0E66}.Release|x86.ActiveCfg = Release|x86
		{2AFE69EF-6200-4446-BB59-21F181DB0E66}.Release|x86.Build.0 = Release|x86
	EndGlobalSection
	GlobalSection(SolutionProperties) = preSolution
		HideSolutionNode = FALSE
	EndGlobalSection
EndGlobal
